<?xml version="1.0" encoding="utf-8"?>
<Project ToolsVersion="4.0" xmlns="http://schemas.microsoft.com/developer/msbuild/2003">
  <ItemGroup>
    <Filter Include="Source Files">
      <UniqueIdentifier>{4FC737F1-C7A5-4376-A066-2A32D752A2FF}</UniqueIdentifier>
      <Extensions>cpp;cxx;c;def</Extensions>
    </Filter>
    <Filter Include="Header Files">
      <UniqueIdentifier>{93995380-89BD-4b04-88EB-625FBE52EBFB}</UniqueIdentifier>
      <Extensions>h</Extensions>
    </Filter>
    <Filter Include="Form Files">
      <UniqueIdentifier>{99349809-55BA-4b9d-BF79-8FDBB0286EB3}</UniqueIdentifier>
      <Extensions>ui</Extensions>
    </Filter>
    <Filter Include="Resource Files">
      <UniqueIdentifier>{D9D6E242-F8AF-46E4-B9FD-80ECBC20BA3E}</UniqueIdentifier>
      <Extensions>qrc;*</Extensions>
      <ParseFiles>false</ParseFiles>
    </Filter>
    <Filter Include="Generated Files">
      <UniqueIdentifier>{71ED8ED8-ACB9-4CE9-BBE1-E00B30144E11}</UniqueIdentifier>
      <Extensions>moc;h;cpp</Extensions>
      <SourceControlFiles>False</SourceControlFiles>
    </Filter>
    <Filter Include="Generated Files\Debug">
      <UniqueIdentifier>{abfe9ef3-766b-465b-ba97-2918b89fb42e}</UniqueIdentifier>
      <Extensions>cpp;moc</Extensions>
      <SourceControlFiles>False</SourceControlFiles>
    </Filter>
    <Filter Include="Generated Files\Release">
      <UniqueIdentifier>{5d02fe67-6f0d-4bf5-99e9-c67c950d87d3}</UniqueIdentifier>
      <Extensions>cpp;moc</Extensions>
      <SourceControlFiles>False</SourceControlFiles>
    </Filter>
    <Filter Include="libs">
      <UniqueIdentifier>{53aaba79-5e09-456d-b75c-f8c8be7afbf3}</UniqueIdentifier>
    </Filter>
    <Filter Include="libs\util">
      <UniqueIdentifier>{47291d5b-a2f5-4947-a6f0-9713c063cc5f}</UniqueIdentifier>
    </Filter>
    <Filter Include="libs\debug">
      <UniqueIdentifier>{2e1b41bb-07df-410c-9016-570ec44444f0}</UniqueIdentifier>
    </Filter>
    <Filter Include="libs\qmath">
      <UniqueIdentifier>{037d63c9-73ed-4385-9e10-3c5c8995b1e3}</UniqueIdentifier>
    </Filter>
    <Filter Include="libs\qmath\detail">
      <UniqueIdentifier>{d55bc291-eeda-4e08-8314-1788a2b26f32}</UniqueIdentifier>
    </Filter>
    <Filter Include="libs\board">
      <UniqueIdentifier>{fb8baa75-9a16-45a2-bf6c-0c47f9b52d9c}</UniqueIdentifier>
    </Filter>
    <Filter Include="libs\board\boards">
      <UniqueIdentifier>{ea314a61-013b-4830-8c09-675cc0ea5838}</UniqueIdentifier>
    </Filter>
    <Filter Include="libs\board\boards\Sim">
      <UniqueIdentifier>{05f7ed1d-c582-423e-b544-e1f32433d661}</UniqueIdentifier>
    </Filter>
  </ItemGroup>
  <ItemGroup>
    <ClCompile Include="stdafx.cpp">
      <Filter>Source Files</Filter>
    </ClCompile>
    <ClCompile Include="main.cpp">
      <Filter>Source Files</Filter>
    </ClCompile>
    <ClCompile Include="Silkopter.cpp">
      <Filter>Source Files</Filter>
    </ClCompile>
    <ClCompile Include="GeneratedFiles\qrc_Silkopter.cpp">
      <Filter>Generated Files</Filter>
    </ClCompile>
    <ClCompile Include="qcustomplot.cpp">
      <Filter>Source Files</Filter>
    </ClCompile>
    <ClCompile Include="GeneratedFiles\Debug\moc_qcustomplot.cpp">
      <Filter>Generated Files\Debug</Filter>
    </ClCompile>
    <ClCompile Include="GeneratedFiles\Release\moc_qcustomplot.cpp">
      <Filter>Generated Files\Release</Filter>
    </ClCompile>
    <ClCompile Include="Orientations.cpp">
      <Filter>Source Files</Filter>
    </ClCompile>
    <ClCompile Include="SFull_Protocol.cpp">
      <Filter>Source Files</Filter>
    </ClCompile>
    <ClCompile Include="Sensors.cpp">
      <Filter>Source Files</Filter>
    </ClCompile>
    <ClCompile Include="..\..\fw\silkopter\libs\util\format.cpp">
      <Filter>libs\util</Filter>
    </ClCompile>
    <ClCompile Include="..\..\fw\silkopter\libs\util\storage.cpp">
      <Filter>libs\util</Filter>
    </ClCompile>
    <ClCompile Include="..\..\fw\silkopter\libs\debug\debug.cpp">
      <Filter>libs\debug</Filter>
    </ClCompile>
    <ClCompile Include="..\..\fw\silkopter\libs\qmath\detail\data.cpp">
      <Filter>libs\qmath\detail</Filter>
    </ClCompile>
    <ClCompile Include="..\..\fw\silkopter\libs\board\boards\AVR_EEPROM.cpp">
      <Filter>libs\board\boards</Filter>
    </ClCompile>
    <ClCompile Include="..\..\fw\silkopter\libs\board\boards\AVR_gpio.cpp">
      <Filter>libs\board\boards</Filter>
    </ClCompile>
    <ClCompile Include="..\..\fw\silkopter\libs\board\boards\AVR_i2c.cpp">
      <Filter>libs\board\boards</Filter>
    </ClCompile>
    <ClCompile Include="..\..\fw\silkopter\libs\board\boards\AVR_pins.cpp">
      <Filter>libs\board\boards</Filter>
    </ClCompile>
    <ClCompile Include="..\..\fw\silkopter\libs\board\boards\AVR_UART.cpp">
      <Filter>libs\board\boards</Filter>
    </ClCompile>
    <ClCompile Include="..\..\fw\silkopter\libs\board\boards\GPS.cpp">
      <Filter>libs\board\boards</Filter>
    </ClCompile>
    <ClCompile Include="..\..\fw\silkopter\libs\board\boards\GPS_UBLOX.cpp">
      <Filter>libs\board\boards</Filter>
    </ClCompile>
    <ClCompile Include="..\..\fw\silkopter\libs\board\boards\Sim\Sim_Barometer.cpp">
      <Filter>libs\board\boards\Sim</Filter>
    </ClCompile>
    <ClCompile Include="..\..\fw\silkopter\libs\board\boards\Sim\Sim_Board.cpp">
      <Filter>libs\board\boards\Sim</Filter>
    </ClCompile>
    <ClCompile Include="..\..\fw\silkopter\libs\board\boards\Sim\Sim_clock.cpp">
      <Filter>libs\board\boards\Sim</Filter>
    </ClCompile>
    <ClCompile Include="..\..\fw\silkopter\libs\board\boards\Sim\Sim_Compass.cpp">
      <Filter>libs\board\boards\Sim</Filter>
    </ClCompile>
    <ClCompile Include="..\..\fw\silkopter\libs\board\boards\Sim\Sim_EEPROM.cpp">
      <Filter>libs\board\boards\Sim</Filter>
    </ClCompile>
    <ClCompile Include="..\..\fw\silkopter\libs\board\boards\Sim\Sim_IMU.cpp">
      <Filter>libs\board\boards\Sim</Filter>
    </ClCompile>
    <ClCompile Include="..\..\fw\silkopter\libs\board\boards\Sim\Sim_PWM_Out.cpp">
      <Filter>libs\board\boards\Sim</Filter>
    </ClCompile>
    <ClCompile Include="..\..\fw\silkopter\libs\board\boards\Sim\Sim_RC_In.cpp">
      <Filter>libs\board\boards\Sim</Filter>
    </ClCompile>
    <ClCompile Include="..\..\fw\silkopter\libs\board\boards\Sim\Sim_Scheduler.cpp">
      <Filter>libs\board\boards\Sim</Filter>
    </ClCompile>
    <ClCompile Include="..\..\fw\silkopter\libs\board\boards\Sim\Sim_Sonar.cpp">
      <Filter>libs\board\boards\Sim</Filter>
    </ClCompile>
    <ClCompile Include="..\..\fw\silkopter\libs\board\boards\Sim\Sim_UART.cpp">
      <Filter>libs\board\boards\Sim</Filter>
    </ClCompile>
  </ItemGroup>
  <ItemGroup>
    <ClInclude Include="GeneratedFiles\ui_Silkopter.h">
      <Filter>Generated Files</Filter>
    </ClInclude>
    <ClInclude Include="stdafx.h">
      <Filter>Source Files</Filter>
    </ClInclude>
    <ClInclude Include="Orientations.h">
      <Filter>Source Files</Filter>
    </ClInclude>
    <ClInclude Include="SFull_Protocol.h">
      <Filter>Source Files</Filter>
    </ClInclude>
    <ClInclude Include="GeneratedFiles\ui_Sensors.h">
      <Filter>Generated Files</Filter>
    </ClInclude>
    <ClInclude Include="Sensors.h">
      <Filter>Source Files</Filter>
    </ClInclude>
    <ClInclude Include="..\..\fw\silkopter\libs\util\allocator.h">
      <Filter>libs\util</Filter>
    </ClInclude>
    <ClInclude Include="..\..\fw\silkopter\libs\util\Buffer.h">
      <Filter>libs\util</Filter>
    </ClInclude>
    <ClInclude Include="..\..\fw\silkopter\libs\util\chrono.h">
      <Filter>libs\util</Filter>
    </ClInclude>
    <ClInclude Include="..\..\fw\silkopter\libs\util\Circular_Buffer.h">
      <Filter>libs\util</Filter>
    </ClInclude>
    <ClInclude Include="..\..\fw\silkopter\libs\util\crc.h">
      <Filter>libs\util</Filter>
    </ClInclude>
    <ClInclude Include="..\..\fw\silkopter\libs\util\Flag_Set.h">
      <Filter>libs\util</Filter>
    </ClInclude>
    <ClInclude Include="..\..\fw\silkopter\libs\util\format.h">
      <Filter>libs\util</Filter>
    </ClInclude>
    <ClInclude Include="..\..\fw\silkopter\libs\util\FString.h">
      <Filter>libs\util</Filter>
    </ClInclude>
    <ClInclude Include="..\..\fw\silkopter\libs\util\murmurhash.h">
      <Filter>libs\util</Filter>
    </ClInclude>
    <ClInclude Include="..\..\fw\silkopter\libs\util\Noncopyable.h">
      <Filter>libs\util</Filter>
    </ClInclude>
    <ClInclude Include="..\..\fw\silkopter\libs\util\Scope_Sync.h">
      <Filter>libs\util</Filter>
    </ClInclude>
    <ClInclude Include="..\..\fw\silkopter\libs\util\storage.h">
      <Filter>libs\util</Filter>
    </ClInclude>
    <ClInclude Include="..\..\fw\silkopter\libs\debug\debug.h">
      <Filter>libs\debug</Filter>
    </ClInclude>
    <ClInclude Include="..\..\fw\silkopter\libs\qmath\_qmath.h">
      <Filter>libs\qmath</Filter>
    </ClInclude>
    <ClInclude Include="..\..\fw\silkopter\libs\qmath\detail\aabb2.h">
      <Filter>libs\qmath\detail</Filter>
    </ClInclude>
    <ClInclude Include="..\..\fw\silkopter\libs\qmath\detail\aabb3.h">
      <Filter>libs\qmath\detail</Filter>
    </ClInclude>
    <ClInclude Include="..\..\fw\silkopter\libs\qmath\detail\angle.h">
      <Filter>libs\qmath\detail</Filter>
    </ClInclude>
    <ClInclude Include="..\..\fw\silkopter\libs\qmath\detail\cast.h">
      <Filter>libs\qmath\detail</Filter>
    </ClInclude>
    <ClInclude Include="..\..\fw\silkopter\libs\qmath\detail\color.h">
      <Filter>libs\qmath\detail</Filter>
    </ClInclude>
    <ClInclude Include="..\..\fw\silkopter\libs\qmath\detail\constants.h">
      <Filter>libs\qmath\detail</Filter>
    </ClInclude>
    <ClInclude Include="..\..\fw\silkopter\libs\qmath\detail\func_binary.h">
      <Filter>libs\qmath\detail</Filter>
    </ClInclude>
    <ClInclude Include="..\..\fw\silkopter\libs\qmath\detail\func_common.h">
      <Filter>libs\qmath\detail</Filter>
    </ClInclude>
    <ClInclude Include="..\..\fw\silkopter\libs\qmath\detail\func_interp.h">
      <Filter>libs\qmath\detail</Filter>
    </ClInclude>
    <ClInclude Include="..\..\fw\silkopter\libs\qmath\detail\func_projection.h">
      <Filter>libs\qmath\detail</Filter>
    </ClInclude>
    <ClInclude Include="..\..\fw\silkopter\libs\qmath\detail\func_range.h">
      <Filter>libs\qmath\detail</Filter>
    </ClInclude>
    <ClInclude Include="..\..\fw\silkopter\libs\qmath\detail\func_rayintersect.h">
      <Filter>libs\qmath\detail</Filter>
    </ClInclude>
    <ClInclude Include="..\..\fw\silkopter\libs\qmath\detail\func_static_constructors.h">
      <Filter>libs\qmath\detail</Filter>
    </ClInclude>
    <ClInclude Include="..\..\fw\silkopter\libs\qmath\detail\func_string.h">
      <Filter>libs\qmath\detail</Filter>
    </ClInclude>
    <ClInclude Include="..\..\fw\silkopter\libs\qmath\detail\func_test.h">
      <Filter>libs\qmath\detail</Filter>
    </ClInclude>
    <ClInclude Include="..\..\fw\silkopter\libs\qmath\detail\func_transform.h">
      <Filter>libs\qmath\detail</Filter>
    </ClInclude>
    <ClInclude Include="..\..\fw\silkopter\libs\qmath\detail\func_trig.h">
      <Filter>libs\qmath\detail</Filter>
    </ClInclude>
    <ClInclude Include="..\..\fw\silkopter\libs\qmath\detail\line2.h">
      <Filter>libs\qmath\detail</Filter>
    </ClInclude>
    <ClInclude Include="..\..\fw\silkopter\libs\qmath\detail\line3.h">
      <Filter>libs\qmath\detail</Filter>
    </ClInclude>
    <ClInclude Include="..\..\fw\silkopter\libs\qmath\detail\mat2.h">
      <Filter>libs\qmath\detail</Filter>
    </ClInclude>
    <ClInclude Include="..\..\fw\silkopter\libs\qmath\detail\mat3.h">
      <Filter>libs\qmath\detail</Filter>
    </ClInclude>
    <ClInclude Include="..\..\fw\silkopter\libs\qmath\detail\mat4.h">
      <Filter>libs\qmath\detail</Filter>
    </ClInclude>
    <ClInclude Include="..\..\fw\silkopter\libs\qmath\detail\packet.h">
      <Filter>libs\qmath\detail</Filter>
    </ClInclude>
    <ClInclude Include="..\..\fw\silkopter\libs\qmath\detail\plane.h">
      <Filter>libs\qmath\detail</Filter>
    </ClInclude>
    <ClInclude Include="..\..\fw\silkopter\libs\qmath\detail\quat.h">
      <Filter>libs\qmath\detail</Filter>
    </ClInclude>
    <ClInclude Include="..\..\fw\silkopter\libs\qmath\detail\rect.h">
      <Filter>libs\qmath\detail</Filter>
    </ClInclude>
    <ClInclude Include="..\..\fw\silkopter\libs\qmath\detail\standard_types.h">
      <Filter>libs\qmath\detail</Filter>
    </ClInclude>
    <ClInclude Include="..\..\fw\silkopter\libs\qmath\detail\trans2d.h">
      <Filter>libs\qmath\detail</Filter>
    </ClInclude>
    <ClInclude Include="..\..\fw\silkopter\libs\qmath\detail\trans3d.h">
      <Filter>libs\qmath\detail</Filter>
    </ClInclude>
    <ClInclude Include="..\..\fw\silkopter\libs\qmath\detail\triangle3.h">
      <Filter>libs\qmath\detail</Filter>
    </ClInclude>
    <ClInclude Include="..\..\fw\silkopter\libs\qmath\detail\vec2.h">
      <Filter>libs\qmath\detail</Filter>
    </ClInclude>
    <ClInclude Include="..\..\fw\silkopter\libs\qmath\detail\vec3.h">
      <Filter>libs\qmath\detail</Filter>
    </ClInclude>
    <ClInclude Include="..\..\fw\silkopter\libs\qmath\detail\vec4.h">
      <Filter>libs\qmath\detail</Filter>
    </ClInclude>
    <ClInclude Include="..\..\fw\silkopter\libs\qmath\detail\aabb2.hpp">
      <Filter>libs\qmath\detail</Filter>
    </ClInclude>
    <ClInclude Include="..\..\fw\silkopter\libs\qmath\detail\aabb3.hpp">
      <Filter>libs\qmath\detail</Filter>
    </ClInclude>
    <ClInclude Include="..\..\fw\silkopter\libs\qmath\detail\angle.hpp">
      <Filter>libs\qmath\detail</Filter>
    </ClInclude>
    <ClInclude Include="..\..\fw\silkopter\libs\qmath\detail\cast.hpp">
      <Filter>libs\qmath\detail</Filter>
    </ClInclude>
    <ClInclude Include="..\..\fw\silkopter\libs\qmath\detail\color.hpp">
      <Filter>libs\qmath\detail</Filter>
    </ClInclude>
    <ClInclude Include="..\..\fw\silkopter\libs\qmath\detail\func_binary.hpp">
      <Filter>libs\qmath\detail</Filter>
    </ClInclude>
    <ClInclude Include="..\..\fw\silkopter\libs\qmath\detail\func_common.hpp">
      <Filter>libs\qmath\detail</Filter>
    </ClInclude>
    <ClInclude Include="..\..\fw\silkopter\libs\qmath\detail\func_interp.hpp">
      <Filter>libs\qmath\detail</Filter>
    </ClInclude>
    <ClInclude Include="..\..\fw\silkopter\libs\qmath\detail\func_projection.hpp">
      <Filter>libs\qmath\detail</Filter>
    </ClInclude>
    <ClInclude Include="..\..\fw\silkopter\libs\qmath\detail\func_range.hpp">
      <Filter>libs\qmath\detail</Filter>
    </ClInclude>
    <ClInclude Include="..\..\fw\silkopter\libs\qmath\detail\func_rayintersect.hpp">
      <Filter>libs\qmath\detail</Filter>
    </ClInclude>
    <ClInclude Include="..\..\fw\silkopter\libs\qmath\detail\func_static_constructors.hpp">
      <Filter>libs\qmath\detail</Filter>
    </ClInclude>
    <ClInclude Include="..\..\fw\silkopter\libs\qmath\detail\func_string.hpp">
      <Filter>libs\qmath\detail</Filter>
    </ClInclude>
    <ClInclude Include="..\..\fw\silkopter\libs\qmath\detail\func_test.hpp">
      <Filter>libs\qmath\detail</Filter>
    </ClInclude>
    <ClInclude Include="..\..\fw\silkopter\libs\qmath\detail\func_transform.hpp">
      <Filter>libs\qmath\detail</Filter>
    </ClInclude>
    <ClInclude Include="..\..\fw\silkopter\libs\qmath\detail\func_trig.hpp">
      <Filter>libs\qmath\detail</Filter>
    </ClInclude>
    <ClInclude Include="..\..\fw\silkopter\libs\qmath\detail\line2.hpp">
      <Filter>libs\qmath\detail</Filter>
    </ClInclude>
    <ClInclude Include="..\..\fw\silkopter\libs\qmath\detail\line3.hpp">
      <Filter>libs\qmath\detail</Filter>
    </ClInclude>
    <ClInclude Include="..\..\fw\silkopter\libs\qmath\detail\mat2.hpp">
      <Filter>libs\qmath\detail</Filter>
    </ClInclude>
    <ClInclude Include="..\..\fw\silkopter\libs\qmath\detail\mat3.hpp">
      <Filter>libs\qmath\detail</Filter>
    </ClInclude>
    <ClInclude Include="..\..\fw\silkopter\libs\qmath\detail\mat4.hpp">
      <Filter>libs\qmath\detail</Filter>
    </ClInclude>
    <ClInclude Include="..\..\fw\silkopter\libs\qmath\detail\packet.hpp">
      <Filter>libs\qmath\detail</Filter>
    </ClInclude>
    <ClInclude Include="..\..\fw\silkopter\libs\qmath\detail\plane.hpp">
      <Filter>libs\qmath\detail</Filter>
    </ClInclude>
    <ClInclude Include="..\..\fw\silkopter\libs\qmath\detail\quat.hpp">
      <Filter>libs\qmath\detail</Filter>
    </ClInclude>
    <ClInclude Include="..\..\fw\silkopter\libs\qmath\detail\rect.hpp">
      <Filter>libs\qmath\detail</Filter>
    </ClInclude>
    <ClInclude Include="..\..\fw\silkopter\libs\qmath\detail\trans2d.hpp">
      <Filter>libs\qmath\detail</Filter>
    </ClInclude>
    <ClInclude Include="..\..\fw\silkopter\libs\qmath\detail\trans3d.hpp">
      <Filter>libs\qmath\detail</Filter>
    </ClInclude>
    <ClInclude Include="..\..\fw\silkopter\libs\qmath\detail\triangle3.hpp">
      <Filter>libs\qmath\detail</Filter>
    </ClInclude>
    <ClInclude Include="..\..\fw\silkopter\libs\qmath\detail\vec2.hpp">
      <Filter>libs\qmath\detail</Filter>
    </ClInclude>
    <ClInclude Include="..\..\fw\silkopter\libs\qmath\detail\vec3.hpp">
      <Filter>libs\qmath\detail</Filter>
    </ClInclude>
    <ClInclude Include="..\..\fw\silkopter\libs\qmath\detail\vec4.hpp">
      <Filter>libs\qmath\detail</Filter>
    </ClInclude>
    <ClInclude Include="..\..\fw\silkopter\libs\board\Barometer.h">
      <Filter>libs\board</Filter>
    </ClInclude>
    <ClInclude Include="..\..\fw\silkopter\libs\board\board.h">
      <Filter>libs\board</Filter>
    </ClInclude>
    <ClInclude Include="..\..\fw\silkopter\libs\board\Compass.h">
      <Filter>libs\board</Filter>
    </ClInclude>
    <ClInclude Include="..\..\fw\silkopter\libs\board\EEPROM.h">
      <Filter>libs\board</Filter>
    </ClInclude>
    <ClInclude Include="..\..\fw\silkopter\libs\board\GPS.h">
      <Filter>libs\board</Filter>
    </ClInclude>
    <ClInclude Include="..\..\fw\silkopter\libs\board\IMU.h">
      <Filter>libs\board</Filter>
    </ClInclude>
    <ClInclude Include="..\..\fw\silkopter\libs\board\PWM_Out.h">
      <Filter>libs\board</Filter>
    </ClInclude>
    <ClInclude Include="..\..\fw\silkopter\libs\board\RC_In.h">
      <Filter>libs\board</Filter>
    </ClInclude>
    <ClInclude Include="..\..\fw\silkopter\libs\board\Sonar.h">
      <Filter>libs\board</Filter>
    </ClInclude>
    <ClInclude Include="..\..\fw\silkopter\libs\board\Thermometer.h">
      <Filter>libs\board</Filter>
    </ClInclude>
    <ClInclude Include="..\..\fw\silkopter\libs\board\UART.h">
      <Filter>libs\board</Filter>
    </ClInclude>
    <ClInclude Include="..\..\fw\silkopter\libs\board\boards\AVR_EEPROM.h">
      <Filter>libs\board\boards</Filter>
    </ClInclude>
    <ClInclude Include="..\..\fw\silkopter\libs\board\boards\AVR_gpio.h">
      <Filter>libs\board\boards</Filter>
    </ClInclude>
    <ClInclude Include="..\..\fw\silkopter\libs\board\boards\AVR_i2c.h">
      <Filter>libs\board\boards</Filter>
    </ClInclude>
    <ClInclude Include="..\..\fw\silkopter\libs\board\boards\AVR_pins.h">
      <Filter>libs\board\boards</Filter>
    </ClInclude>
    <ClInclude Include="..\..\fw\silkopter\libs\board\boards\AVR_UART.h">
      <Filter>libs\board\boards</Filter>
    </ClInclude>
    <ClInclude Include="..\..\fw\silkopter\libs\board\boards\Barometer_None.h">
      <Filter>libs\board\boards</Filter>
    </ClInclude>
    <ClInclude Include="..\..\fw\silkopter\libs\board\boards\GPS.h">
      <Filter>libs\board\boards</Filter>
    </ClInclude>
    <ClInclude Include="..\..\fw\silkopter\libs\board\boards\GPS_UBLOX.h">
      <Filter>libs\board\boards</Filter>
    </ClInclude>
    <ClInclude Include="..\..\fw\silkopter\libs\board\boards\Sonar_None.h">
      <Filter>libs\board\boards</Filter>
    </ClInclude>
    <ClInclude Include="..\..\fw\silkopter\libs\board\boards\Compass_None.h">
      <Filter>libs\board\boards</Filter>
    </ClInclude>
    <ClInclude Include="Config.h">
      <Filter>Source Files</Filter>
    </ClInclude>
    <ClInclude Include="..\..\fw\silkopter\libs\board\boards\Sim\Sim_Barometer.h">
      <Filter>libs\board\boards\Sim</Filter>
    </ClInclude>
    <ClInclude Include="..\..\fw\silkopter\libs\board\boards\Sim\Sim_Compass.h">
      <Filter>libs\board\boards\Sim</Filter>
    </ClInclude>
    <ClInclude Include="..\..\fw\silkopter\libs\board\boards\Sim\Sim_EEPROM.h">
      <Filter>libs\board\boards\Sim</Filter>
    </ClInclude>
    <ClInclude Include="..\..\fw\silkopter\libs\board\boards\Sim\Sim_IMU.h">
      <Filter>libs\board\boards\Sim</Filter>
    </ClInclude>
    <ClInclude Include="..\..\fw\silkopter\libs\board\boards\Sim\Sim_PWM_Out.h">
      <Filter>libs\board\boards\Sim</Filter>
    </ClInclude>
    <ClInclude Include="..\..\fw\silkopter\libs\board\boards\Sim\Sim_RC_In.h">
      <Filter>libs\board\boards\Sim</Filter>
    </ClInclude>
    <ClInclude Include="..\..\fw\silkopter\libs\board\boards\Sim\Sim_Sonar.h">
      <Filter>libs\board\boards\Sim</Filter>
    </ClInclude>
    <ClInclude Include="..\..\fw\silkopter\libs\board\boards\Sim\Sim_UART.h">
      <Filter>libs\board\boards\Sim</Filter>
    </ClInclude>
    <ClInclude Include="..\..\fw\silkopter\libs\board\boards\Sim\Sim_Thermometer.h">
      <Filter>libs\board\boards\Sim</Filter>
    </ClInclude>
  </ItemGroup>
  <ItemGroup>
    <CustomBuild Include="Silkopter.ui">
      <Filter>Form Files</Filter>
    </CustomBuild>
    <CustomBuild Include="Silkopter.qrc">
      <Filter>Resource Files</Filter>
    </CustomBuild>
    <CustomBuild Include="qcustomplot.h">
      <Filter>Source Files</Filter>
    </CustomBuild>
    <CustomBuild Include="Silkopter.h">
      <Filter>Source Files</Filter>
    </CustomBuild>
    <CustomBuild Include="Sensors.ui">
      <Filter>Form Files</Filter>
    </CustomBuild>
  </ItemGroup>
  <ItemGroup>
    <ResourceCompile Include="silkopter.rc" />
  </ItemGroup>
</Project>